
Microsoft Visual Studio Solution File, Format Version 12.00
# Visual Studio 14
VisualStudioVersion = 14.0.23107.0
MinimumVisualStudioVersion = 10.0.40219.1
Project("{FAE04EC0-301F-11D3-BF4B-00C04F79EFBC}") = "VariablesyConstantes", "VariablesyConstantes\VariablesyConstantes.csproj", "{BE75B2A4-3549-4E2D-8E34-1BEBBD2BCBC1}"
EndProject
Global
	GlobalSection(SolutionConfigurationPlatforms) = preSolution
		Debug|Any CPU = Debug|Any CPU
		Release|Any CPU = Release|Any CPU
	EndGlobalSection
	GlobalSection(ProjectConfigurationPlatforms) = postSolution
		{BE75B2A4-3549-4E2D-8E34-1BEBBD2BCBC1}.Debug|Any CPU.ActiveCfg = Debug|Any CPU
		{BE75B2A4-3549-4E2D-8E34-1BEBBD2BCBC1}.Debug|Any CPU.Build.0 = Debug|Any CPU
		{BE75B2A4-3549-4E2D-8E34-1BEBBD2BCBC1}.Release|Any CPU.ActiveCfg = Release|Any CPU
		{BE75B2A4-3549-4E2D-8E34-1BEBBD2BCBC1}.Release|Any CPU.Build.0 = Release|Any CPU
	EndGlobalSection
	GlobalSection(SolutionProperties) = preSolution
		HideSolutionNode = FALSE
	EndGlobalSection
EndGlobal
